
Microsoft Visual Studio Solution File, Format Version 12.00
# Visual Studio Version 16
VisualStudioVersion = 16.0.30002.166
MinimumVisualStudioVersion = 10.0.40219.1
Project("{FAE04EC0-301F-11D3-BF4B-00C04F79EFBC}") = "NLP", "NLP\NLP.csproj", "{4489FC62-27A9-43B0-8491-BF62BDBF3A46}"
EndProject
Global
	GlobalSection(SolutionConfigurationPlatforms) = preSolution
		Debug|Any CPU = Debug|Any CPU
		Release|Any CPU = Release|Any CPU
	EndGlobalSection
	GlobalSection(ProjectConfigurationPlatforms) = postSolution
		{4489FC62-27A9-43B0-8491-BF62BDBF3A46}.Debug|Any CPU.ActiveCfg = Debug|Any CPU
		{4489FC62-27A9-43B0-8491-BF62BDBF3A46}.Debug|Any CPU.Build.0 = Debug|Any CPU
		{4489FC62-27A9-43B0-8491-BF62BDBF3A46}.Release|Any CPU.ActiveCfg = Release|Any CPU
		{4489FC62-27A9-43B0-8491-BF62BDBF3A46}.Release|Any CPU.Build.0 = Release|Any CPU
	EndGlobalSection
	GlobalSection(SolutionProperties) = preSolution
		HideSolutionNode = FALSE
	EndGlobalSection
	GlobalSection(ExtensibilityGlobals) = postSolution
		SolutionGuid = {187FC637-9C33-4FD7-A222-697D06C7DF5D}
	EndGlobalSection
EndGlobal
